
Microsoft Visual Studio Solution File, Format Version 12.00
# Visual Studio 15
VisualStudioVersion = 15.0.28010.2026
MinimumVisualStudioVersion = 10.0.40219.1
Project("{FAE04EC0-301F-11D3-BF4B-00C04F79EFBC}") = "XamarinFormsM1.Android", "XamarinFormsM1\XamarinFormsM1.Android\XamarinFormsM1.Android.csproj", "{291FA9F1-953A-42A4-82C3-CC6C56ADD012}"
EndProject
Project("{FAE04EC0-301F-11D3-BF4B-00C04F79EFBC}") = "XamarinFormsM1.iOS", "XamarinFormsM1\XamarinFormsM1.iOS\XamarinFormsM1.iOS.csproj", "{122BCAC8-CAE2-4F23-A358-1C0DF78E286C}"
EndProject
Project("{D954291E-2A0B-460D-934E-DC6B0785DB48}") = "XamarinFormsM1", "XamarinFormsM1\XamarinFormsM1\XamarinFormsM1.shproj", "{15A9504C-442A-4417-A011-865A478E6C8B}"
EndProject
Global
	GlobalSection(SharedMSBuildProjectFiles) = preSolution
		XamarinFormsM1\XamarinFormsM1\XamarinFormsM1.projitems*{122bcac8-cae2-4f23-a358-1c0df78e286c}*SharedItemsImports = 4
		XamarinFormsM1\XamarinFormsM1\XamarinFormsM1.projitems*{15a9504c-442a-4417-a011-865a478e6c8b}*SharedItemsImports = 13
		XamarinFormsM1\XamarinFormsM1\XamarinFormsM1.projitems*{291fa9f1-953a-42a4-82c3-cc6c56add012}*SharedItemsImports = 4
	EndGlobalSection
	GlobalSection(SolutionConfigurationPlatforms) = preSolution
		Ad-Hoc|Any CPU = Ad-Hoc|Any CPU
		Ad-Hoc|iPhone = Ad-Hoc|iPhone
		Ad-Hoc|iPhoneSimulator = Ad-Hoc|iPhoneSimulator
		AppStore|Any CPU = AppStore|Any CPU
		AppStore|iPhone = AppStore|iPhone
		AppStore|iPhoneSimulator = AppStore|iPhoneSimulator
		Debug|Any CPU = Debug|Any CPU
		Debug|iPhone = Debug|iPhone
		Debug|iPhoneSimulator = Debug|iPhoneSimulator
		Release|Any CPU = Release|Any CPU
		Release|iPhone = Release|iPhone
		Release|iPhoneSimulator = Release|iPhoneSimulator
	EndGlobalSection
	GlobalSection(ProjectConfigurationPlatforms) = postSolution
		{291FA9F1-953A-42A4-82C3-CC6C56ADD012}.Ad-Hoc|Any CPU.ActiveCfg = Release|Any CPU
		{291FA9F1-953A-42A4-82C3-CC6C56ADD012}.Ad-Hoc|Any CPU.Build.0 = Release|Any CPU
		{291FA9F1-953A-42A4-82C3-CC6C56ADD012}.Ad-Hoc|Any CPU.Deploy.0 = Release|Any CPU
		{291FA9F1-953A-42A4-82C3-CC6C56ADD012}.Ad-Hoc|iPhone.ActiveCfg = Release|Any CPU
		{291FA9F1-953A-42A4-82C3-CC6C56ADD012}.Ad-Hoc|iPhone.Build.0 = Release|Any CPU
		{291FA9F1-953A-42A4-82C3-CC6C56ADD012}.Ad-Hoc|iPhone.Deploy.0 = Release|Any CPU
		{291FA9F1-953A-42A4-82C3-CC6C56ADD012}.Ad-Hoc|iPhoneSimulator.ActiveCfg = Release|Any CPU
		{291FA9F1-953A-42A4-82C3-CC6C56ADD012}.Ad-Hoc|iPhoneSimulator.Build.0 = Release|Any CPU
		{291FA9F1-953A-42A4-82C3-CC6C56ADD012}.Ad-Hoc|iPhoneSimulator.Deploy.0 = Release|Any CPU
		{291FA9F1-953A-42A4-82C3-CC6C56ADD012}.AppStore|Any CPU.ActiveCfg = Release|Any CPU
		{291FA9F1-953A-42A4-82C3-CC6C56ADD012}.AppStore|Any CPU.Build.0 = Release|Any CPU
		{291FA9F1-953A-42A4-82C3-CC6C56ADD012}.AppStore|Any CPU.Deploy.0 = Release|Any CPU
		{291FA9F1-953A-42A4-82C3-CC6C56ADD012}.AppStore|iPhone.ActiveCfg = Release|Any CPU
		{291FA9F1-953A-42A4-82C3-CC6C56ADD012}.AppStore|iPhone.Build.0 = Release|Any CPU
		{291FA9F1-953A-42A4-82C3-CC6C56ADD012}.AppStore|iPhone.Deploy.0 = Release|Any CPU
		{291FA9F1-953A-42A4-82C3-CC6C56ADD012}.AppStore|iPhoneSimulator.ActiveCfg = Release|Any CPU
		{291FA9F1-953A-42A4-82C3-CC6C56ADD012}.AppStore|iPhoneSimulator.Build.0 = Release|Any CPU
		{291FA9F1-953A-42A4-82C3-CC6C56ADD012}.AppStore|iPhoneSimulator.Deploy.0 = Release|Any CPU
		{291FA9F1-953A-42A4-82C3-CC6C56ADD012}.Debug|Any CPU.ActiveCfg = Debug|Any CPU
		{291FA9F1-953A-42A4-82C3-CC6C56ADD012}.Debug|Any CPU.Build.0 = Debug|Any CPU
		{291FA9F1-953A-42A4-82C3-CC6C56ADD012}.Debug|Any CPU.Deploy.0 = Debug|Any CPU
		{291FA9F1-953A-42A4-82C3-CC6C56ADD012}.Debug|iPhone.ActiveCfg = Debug|Any CPU
		{291FA9F1-953A-42A4-82C3-CC6C56ADD012}.Debug|iPhone.Build.0 = Debug|Any CPU
		{291FA9F1-953A-42A4-82C3-CC6C56ADD012}.Debug|iPhone.Deploy.0 = Debug|Any CPU
		{291FA9F1-953A-42A4-82C3-CC6C56ADD012}.Debug|iPhoneSimulator.ActiveCfg = Debug|Any CPU
		{291FA9F1-953A-42A4-82C3-CC6C56ADD012}.Debug|iPhoneSimulator.Build.0 = Debug|Any CPU
		{291FA9F1-953A-42A4-82C3-CC6C56ADD012}.Debug|iPhoneSimulator.Deploy.0 = Debug|Any CPU
		{291FA9F1-953A-42A4-82C3-CC6C56ADD012}.Release|Any CPU.ActiveCfg = Release|Any CPU
		{291FA9F1-953A-42A4-82C3-CC6C56ADD012}.Release|Any CPU.Build.0 = Release|Any CPU
		{291FA9F1-953A-42A4-82C3-CC6C56ADD012}.Release|Any CPU.Deploy.0 = Release|Any CPU
		{291FA9F1-953A-42A4-82C3-CC6C56ADD012}.Release|iPhone.ActiveCfg = Release|Any CPU
		{291FA9F1-953A-42A4-82C3-CC6C56ADD012}.Release|iPhone.Build.0 = Release|Any CPU
		{291FA9F1-953A-42A4-82C3-CC6C56ADD012}.Release|iPhone.Deploy.0 = Release|Any CPU
		{291FA9F1-953A-42A4-82C3-CC6C56ADD012}.Release|iPhoneSimulator.ActiveCfg = Release|Any CPU
		{291FA9F1-953A-42A4-82C3-CC6C56ADD012}.Release|iPhoneSimulator.Build.0 = Release|Any CPU
		{291FA9F1-953A-42A4-82C3-CC6C56ADD012}.Release|iPhoneSimulator.Deploy.0 = Release|Any CPU
		{122BCAC8-CAE2-4F23-A358-1C0DF78E286C}.Ad-Hoc|Any CPU.ActiveCfg = Ad-Hoc|iPhone
		{122BCAC8-CAE2-4F23-A358-1C0DF78E286C}.Ad-Hoc|Any CPU.Build.0 = Ad-Hoc|iPhone
		{122BCAC8-CAE2-4F23-A358-1C0DF78E286C}.Ad-Hoc|Any CPU.Deploy.0 = Ad-Hoc|iPhone
		{122BCAC8-CAE2-4F23-A358-1C0DF78E286C}.Ad-Hoc|iPhone.ActiveCfg = Ad-Hoc|iPhone
		{122BCAC8-CAE2-4F23-A358-1C0DF78E286C}.Ad-Hoc|iPhone.Build.0 = Ad-Hoc|iPhone
		{122BCAC8-CAE2-4F23-A358-1C0DF78E286C}.Ad-Hoc|iPhone.Deploy.0 = Ad-Hoc|iPhone
		{122BCAC8-CAE2-4F23-A358-1C0DF78E286C}.Ad-Hoc|iPhoneSimulator.ActiveCfg = Ad-Hoc|iPhoneSimulator
		{122BCAC8-CAE2-4F23-A358-1C0DF78E286C}.Ad-Hoc|iPhoneSimulator.Build.0 = Ad-Hoc|iPhoneSimulator
		{122BCAC8-CAE2-4F23-A358-1C0DF78E286C}.Ad-Hoc|iPhoneSimulator.Deploy.0 = Ad-Hoc|iPhoneSimulator
		{122BCAC8-CAE2-4F23-A358-1C0DF78E286C}.AppStore|Any CPU.ActiveCfg = AppStore|iPhone
		{122BCAC8-CAE2-4F23-A358-1C0DF78E286C}.AppStore|Any CPU.Build.0 = AppStore|iPhone
		{122BCAC8-CAE2-4F23-A358-1C0DF78E286C}.AppStore|Any CPU.Deploy.0 = AppStore|iPhone
		{122BCAC8-CAE2-4F23-A358-1C0DF78E286C}.AppStore|iPhone.ActiveCfg = AppStore|iPhone
		{122BCAC8-CAE2-4F23-A358-1C0DF78E286C}.AppStore|iPhone.Build.0 = AppStore|iPhone
		{122BCAC8-CAE2-4F23-A358-1C0DF78E286C}.AppStore|iPhone.Deploy.0 = AppStore|iPhone
		{122BCAC8-CAE2-4F23-A358-1C0DF78E286C}.AppStore|iPhoneSimulator.ActiveCfg = AppStore|iPhoneSimulator
		{122BCAC8-CAE2-4F23-A358-1C0DF78E286C}.AppStore|iPhoneSimulator.Build.0 = AppStore|iPhoneSimulator
		{122BCAC8-CAE2-4F23-A358-1C0DF78E286C}.AppStore|iPhoneSimulator.Deploy.0 = AppStore|iPhoneSimulator
		{122BCAC8-CAE2-4F23-A358-1C0DF78E286C}.Debug|Any CPU.ActiveCfg = Debug|iPhoneSimulator
		{122BCAC8-CAE2-4F23-A358-1C0DF78E286C}.Debug|Any CPU.Build.0 = Debug|iPhoneSimulator
		{122BCAC8-CAE2-4F23-A358-1C0DF78E286C}.Debug|Any CPU.Deploy.0 = Debug|iPhoneSimulator
		{122BCAC8-CAE2-4F23-A358-1C0DF78E286C}.Debug|iPhone.ActiveCfg = Debug|iPhone
		{122BCAC8-CAE2-4F23-A358-1C0DF78E286C}.Debug|iPhone.Build.0 = Debug|iPhone
		{122BCAC8-CAE2-4F23-A358-1C0DF78E286C}.Debug|iPhone.Deploy.0 = Debug|iPhone
		{122BCAC8-CAE2-4F23-A358-1C0DF78E286C}.Debug|iPhoneSimulator.ActiveCfg = Debug|iPhoneSimulator
		{122BCAC8-CAE2-4F23-A358-1C0DF78E286C}.Debug|iPhoneSimulator.Build.0 = Debug|iPhoneSimulator
		{122BCAC8-CAE2-4F23-A358-1C0DF78E286C}.Debug|iPhoneSimulator.Deploy.0 = Debug|iPhoneSimulator
		{122BCAC8-CAE2-4F23-A358-1C0DF78E286C}.Release|Any CPU.ActiveCfg = Release|iPhone
		{122BCAC8-CAE2-4F23-A358-1C0DF78E286C}.Release|Any CPU.Build.0 = Release|iPhone
		{122BCAC8-CAE2-4F23-A358-1C0DF78E286C}.Release|Any CPU.Deploy.0 = Release|iPhone
		{122BCAC8-CAE2-4F23-A358-1C0DF78E286C}.Release|iPhone.ActiveCfg = Release|iPhone
		{122BCAC8-CAE2-4F23-A358-1C0DF78E286C}.Release|iPhone.Build.0 = Release|iPhone
		{122BCAC8-CAE2-4F23-A358-1C0DF78E286C}.Release|iPhone.Deploy.0 = Release|iPhone
		{122BCAC8-CAE2-4F23-A358-1C0DF78E286C}.Release|iPhoneSimulator.ActiveCfg = Release|iPhoneSimulator
		{122BCAC8-CAE2-4F23-A358-1C0DF78E286C}.Release|iPhoneSimulator.Build.0 = Release|iPhoneSimulator
		{122BCAC8-CAE2-4F23-A358-1C0DF78E286C}.Release|iPhoneSimulator.Deploy.0 = Release|iPhoneSimulator
	EndGlobalSection
	GlobalSection(SolutionProperties) = preSolution
		HideSolutionNode = FALSE
	EndGlobalSection
	GlobalSection(ExtensibilityGlobals) = postSolution
		SolutionGuid = {F2B79361-928C-4E49-A542-9C50682755C6}
	EndGlobalSection
EndGlobal
